PODS:
  - audioplayers (0.0.1):
    - Flutter
  - camera (0.0.1):
    - Flutter
  - device_info (0.0.1):
    - Flutter
  - Flutter (1.0.0)
  - image_picker (0.0.1):
    - Flutter
  - path_provider (0.0.1):
    - Flutter
  - shared_preferences (0.0.1):
    - Flutter

DEPENDENCIES:
  - audioplayers (from `.symlinks/plugins/audioplayers/ios`)
  - camera (from `.symlinks/plugins/camera/ios`)
  - device_info (from `.symlinks/plugins/device_info/ios`)
  - Flutter (from `Flutter`)
  - image_picker (from `.symlinks/plugins/image_picker/ios`)
  - path_provider (from `.symlinks/plugins/path_provider/ios`)
  - shared_preferences (from `.symlinks/plugins/shared_preferences/ios`)

EXTERNAL SOURCES:
  audioplayers:
    :path: ".symlinks/plugins/audioplayers/ios"
  camera:
    :path: ".symlinks/plugins/camera/ios"
  device_info:
    :path: ".symlinks/plugins/device_info/ios"
  Flutter:
    :path: Flutter
  image_picker:
    :path: ".symlinks/plugins/image_picker/ios"
  path_provider:
    :path: ".symlinks/plugins/path_provider/ios"
  shared_preferences:
    :path: ".symlinks/plugins/shared_preferences/ios"

SPEC CHECKSUMS:
  audioplayers: 84f968cea3f2deab00ec4f8ff53358b3c0b3992c
  camera: a0ca5080336f7af47b88436e5e26da3dee5568f0
  device_info: d7d233b645a32c40dfdc212de5cf646ca482f175
  Flutter: 434fef37c0980e73bb6479ef766c45957d4b510c
  image_picker: 9c3312491f862b28d21ecd8fdf0ee14e601b3f09
  path_provider: f96fff6166a8867510d2c25fdcc346327cc4b259
  shared_preferences: af6bfa751691cdc24be3045c43ec037377ada40d

PODFILE CHECKSUM: aafe91acc616949ddb318b77800a7f51bffa2a4c

COCOAPODS: 1.10.1
